
Microsoft Visual Studio Solution File, Format Version 12.00
# Visual Studio 15
VisualStudioVersion = 15.0.28307.329
MinimumVisualStudioVersion = 10.0.40219.1
Project("{FAE04EC0-301F-11D3-BF4B-00C04F79EFBC}") = "TeleBilling(v02)", "TeleBilling(v02)\TeleBilling(v02).csproj", "{2B861666-6038-4D17-B530-73A3EC3FBA61}"
EndProject
Global
	GlobalSection(SolutionConfigurationPlatforms) = preSolution
		Debug|Any CPU = Debug|Any CPU
		Release|Any CPU = Release|Any CPU
	EndGlobalSection
	GlobalSection(ProjectConfigurationPlatforms) = postSolution
		{2B861666-6038-4D17-B530-73A3EC3FBA61}.Debug|Any CPU.ActiveCfg = Debug|Any CPU
		{2B861666-6038-4D17-B530-73A3EC3FBA61}.Debug|Any CPU.Build.0 = Debug|Any CPU
		{2B861666-6038-4D17-B530-73A3EC3FBA61}.Release|Any CPU.ActiveCfg = Release|Any CPU
		{2B861666-6038-4D17-B530-73A3EC3FBA61}.Release|Any CPU.Build.0 = Release|Any CPU
	EndGlobalSection
	GlobalSection(SolutionProperties) = preSolution
		HideSolutionNode = FALSE
	EndGlobalSection
	GlobalSection(ExtensibilityGlobals) = postSolution
		SolutionGuid = {8593AAA1-C161-47D8-B7AA-CBB29162A867}
	EndGlobalSection
EndGlobal
